
Microsoft Visual Studio Solution File, Format Version 12.00
# Visual Studio Version 17
VisualStudioVersion = 17.7.34221.43
MinimumVisualStudioVersion = 10.0.40219.1
Project("{FAE04EC0-301F-11D3-BF4B-00C04F79EFBC}") = "ConAppEmpLibLinked", "ConAppEmpLibLinked\ConAppEmpLibLinked.csproj", "{AF95A66B-2DAA-4E53-9F25-111CC0641AB9}"
EndProject
Global
	GlobalSection(SolutionConfigurationPlatforms) = preSolution
		Debug|Any CPU = Debug|Any CPU
		Release|Any CPU = Release|Any CPU
	EndGlobalSection
	GlobalSection(ProjectConfigurationPlatforms) = postSolution
		{AF95A66B-2DAA-4E53-9F25-111CC0641AB9}.Debug|Any CPU.ActiveCfg = Debug|Any CPU
		{AF95A66B-2DAA-4E53-9F25-111CC0641AB9}.Debug|Any CPU.Build.0 = Debug|Any CPU
		{AF95A66B-2DAA-4E53-9F25-111CC0641AB9}.Release|Any CPU.ActiveCfg = Release|Any CPU
		{AF95A66B-2DAA-4E53-9F25-111CC0641AB9}.Release|Any CPU.Build.0 = Release|Any CPU
	EndGlobalSection
	GlobalSection(SolutionProperties) = preSolution
		HideSolutionNode = FALSE
	EndGlobalSection
	GlobalSection(ExtensibilityGlobals) = postSolution
		SolutionGuid = {2B09A953-A7E7-4D15-8967-B9F15AA8E34C}
	EndGlobalSection
EndGlobal
