
Microsoft Visual Studio Solution File, Format Version 12.00
# Visual Studio Version 17
VisualStudioVersion = 17.7.34221.43
MinimumVisualStudioVersion = 10.0.40219.1
Project("{FAE04EC0-301F-11D3-BF4B-00C04F79EFBC}") = "EmpLib", "ClassLibrary1\EmpLib.csproj", "{C1ECAF46-2648-4784-8DA1-A2157BCC5378}"
EndProject
Global
	GlobalSection(SolutionConfigurationPlatforms) = preSolution
		Debug|Any CPU = Debug|Any CPU
		Release|Any CPU = Release|Any CPU
	EndGlobalSection
	GlobalSection(ProjectConfigurationPlatforms) = postSolution
		{C1ECAF46-2648-4784-8DA1-A2157BCC5378}.Debug|Any CPU.ActiveCfg = Debug|Any CPU
		{C1ECAF46-2648-4784-8DA1-A2157BCC5378}.Debug|Any CPU.Build.0 = Debug|Any CPU
		{C1ECAF46-2648-4784-8DA1-A2157BCC5378}.Release|Any CPU.ActiveCfg = Release|Any CPU
		{C1ECAF46-2648-4784-8DA1-A2157BCC5378}.Release|Any CPU.Build.0 = Release|Any CPU
	EndGlobalSection
	GlobalSection(SolutionProperties) = preSolution
		HideSolutionNode = FALSE
	EndGlobalSection
	GlobalSection(ExtensibilityGlobals) = postSolution
		SolutionGuid = {D71D8915-C397-4EF4-AE9D-8CA2A43C9448}
	EndGlobalSection
EndGlobal
